
Microsoft Visual Studio Solution File, Format Version 12.00
# Visual Studio Version 17
VisualStudioVersion = 17.13.35825.156 d17.13
MinimumVisualStudioVersion = 10.0.40219.1
Project("{FAE04EC0-301F-11D3-BF4B-00C04F79EFBC}") = "ScheduleWidget", "ScheduleWidget\ScheduleWidget.csproj", "{5913BFF5-EC75-4A28-B574-8A0F45801E0B}"
EndProject
Global
	GlobalSection(SolutionConfigurationPlatforms) = preSolution
		Debug|Any CPU = Debug|Any CPU
		Release|Any CPU = Release|Any CPU
	EndGlobalSection
	GlobalSection(ProjectConfigurationPlatforms) = postSolution
		{5913BFF5-EC75-4A28-B574-8A0F45801E0B}.Debug|Any CPU.ActiveCfg = Debug|Any CPU
		{5913BFF5-EC75-4A28-B574-8A0F45801E0B}.Debug|Any CPU.Build.0 = Debug|Any CPU
		{5913BFF5-EC75-4A28-B574-8A0F45801E0B}.Release|Any CPU.ActiveCfg = Release|Any CPU
		{5913BFF5-EC75-4A28-B574-8A0F45801E0B}.Release|Any CPU.Build.0 = Release|Any CPU
	EndGlobalSection
	GlobalSection(SolutionProperties) = preSolution
		HideSolutionNode = FALSE
	EndGlobalSection
	GlobalSection(ExtensibilityGlobals) = postSolution
		SolutionGuid = {C21CAA20-B1D3-46E2-9867-B7E1635F67EE}
	EndGlobalSection
EndGlobal
